
Microsoft Visual Studio Solution File, Format Version 12.00
# Visual Studio Version 16
VisualStudioVersion = 16.0.28606.126
MinimumVisualStudioVersion = 10.0.40219.1
Project("{FAE04EC0-301F-11D3-BF4B-00C04F79EFBC}") = "JewelryStore", "JewelryStore\JewelryStore.csproj", "{B32A4978-6088-412E-BF4B-0313CCCBD3B4}"
EndProject
Project("{FAE04EC0-301F-11D3-BF4B-00C04F79EFBC}") = "JewelryStore.Tests", "JewelryStore.Tests\JewelryStore.Tests.csproj", "{1298AF32-9804-49C5-A82E-C38D508CF3D2}"
EndProject
Global
	GlobalSection(SolutionConfigurationPlatforms) = preSolution
		Debug|Any CPU = Debug|Any CPU
		Release|Any CPU = Release|Any CPU
	EndGlobalSection
	GlobalSection(ProjectConfigurationPlatforms) = postSolution
		{B32A4978-6088-412E-BF4B-0313CCCBD3B4}.Debug|Any CPU.ActiveCfg = Debug|Any CPU
		{B32A4978-6088-412E-BF4B-0313CCCBD3B4}.Debug|Any CPU.Build.0 = Debug|Any CPU
		{B32A4978-6088-412E-BF4B-0313CCCBD3B4}.Release|Any CPU.ActiveCfg = Release|Any CPU
		{B32A4978-6088-412E-BF4B-0313CCCBD3B4}.Release|Any CPU.Build.0 = Release|Any CPU
		{1298AF32-9804-49C5-A82E-C38D508CF3D2}.Debug|Any CPU.ActiveCfg = Debug|Any CPU
		{1298AF32-9804-49C5-A82E-C38D508CF3D2}.Debug|Any CPU.Build.0 = Debug|Any CPU
		{1298AF32-9804-49C5-A82E-C38D508CF3D2}.Release|Any CPU.ActiveCfg = Release|Any CPU
		{1298AF32-9804-49C5-A82E-C38D508CF3D2}.Release|Any CPU.Build.0 = Release|Any CPU
	EndGlobalSection
	GlobalSection(SolutionProperties) = preSolution
		HideSolutionNode = FALSE
	EndGlobalSection
	GlobalSection(ExtensibilityGlobals) = postSolution
		SolutionGuid = {433F55A4-4108-46F7-8E80-ABF42A2082A4}
	EndGlobalSection
EndGlobal
